Microsoft Visual Studio Solution File, Format Version 12.00
# Visual Studio Version 17
VisualStudioVersion = 17.5.2.0
MinimumVisualStudioVersion = 10.0.40219.1
Project("{FAE04EC0-301F-11D3-BF4B-00C04F79EFBC}") = "bimviewers-api", "bimviewers-api\bimviewers-api.csproj", "{ADCCD4C6-D3ED-8F3B-BD05-C7838132BE46}"
EndProject
Project("{2150E333-8FDC-42A3-9474-1A3956D46DE8}") = "bimviewers-api (1)", "bimviewers-api (1)", "{C3A07D70-D080-EF9A-E256-7BB9E60A7331}"
EndProject
Project("{2150E333-8FDC-42A3-9474-1A3956D46DE8}") = "obj", "obj", "{AE37FC5A-0CA8-FFFB-9EFB-E43B1AA6E17A}"
EndProject
Project("{2150E333-8FDC-42A3-9474-1A3956D46DE8}") = "Debug", "Debug", "{AFE0663A-3C15-C12C-68F3-1D08100FEA25}"
EndProject
Project("{2150E333-8FDC-42A3-9474-1A3956D46DE8}") = "net8.0", "net8.0", "{2D0A4609-DFAB-8118-6747-08E786DF7638}"
EndProject
Project("{FAE04EC0-301F-11D3-BF4B-00C04F79EFBC}") = "WorkerExtensions", "bimviewers-api\obj\Debug\net8.0\WorkerExtensions\WorkerExtensions.csproj", "{036E2192-AA43-246C-32DE-A0E326549719}"
EndProject
Global
	GlobalSection(SolutionConfigurationPlatforms) = preSolution
		Debug|Any CPU = Debug|Any CPU
		Release|Any CPU = Release|Any CPU
	EndGlobalSection
	GlobalSection(ProjectConfigurationPlatforms) = postSolution
		{ADCCD4C6-D3ED-8F3B-BD05-C7838132BE46}.Debug|Any CPU.ActiveCfg = Debug|Any CPU
		{ADCCD4C6-D3ED-8F3B-BD05-C7838132BE46}.Debug|Any CPU.Build.0 = Debug|Any CPU
		{ADCCD4C6-D3ED-8F3B-BD05-C7838132BE46}.Release|Any CPU.ActiveCfg = Release|Any CPU
		{ADCCD4C6-D3ED-8F3B-BD05-C7838132BE46}.Release|Any CPU.Build.0 = Release|Any CPU
		{036E2192-AA43-246C-32DE-A0E326549719}.Debug|Any CPU.ActiveCfg = Debug|Any CPU
		{036E2192-AA43-246C-32DE-A0E326549719}.Debug|Any CPU.Build.0 = Debug|Any CPU
		{036E2192-AA43-246C-32DE-A0E326549719}.Release|Any CPU.ActiveCfg = Release|Any CPU
		{036E2192-AA43-246C-32DE-A0E326549719}.Release|Any CPU.Build.0 = Release|Any CPU
	EndGlobalSection
	GlobalSection(SolutionProperties) = preSolution
		HideSolutionNode = FALSE
	EndGlobalSection
	GlobalSection(NestedProjects) = preSolution
		{AE37FC5A-0CA8-FFFB-9EFB-E43B1AA6E17A} = {C3A07D70-D080-EF9A-E256-7BB9E60A7331}
		{AFE0663A-3C15-C12C-68F3-1D08100FEA25} = {AE37FC5A-0CA8-FFFB-9EFB-E43B1AA6E17A}
		{2D0A4609-DFAB-8118-6747-08E786DF7638} = {AFE0663A-3C15-C12C-68F3-1D08100FEA25}
		{036E2192-AA43-246C-32DE-A0E326549719} = {2D0A4609-DFAB-8118-6747-08E786DF7638}
	EndGlobalSection
	GlobalSection(ExtensibilityGlobals) = postSolution
		SolutionGuid = {C1BF6B32-9208-4B03-BB6E-1229B3B5EC31}
	EndGlobalSection
EndGlobal
